
Microsoft Visual Studio Solution File, Format Version 12.00
Project("{FAE04EC0-301F-11D3-BF4B-00C04F79EFBC}") = "Nightfall Resource Server", "Nightfall Resource Server\Nightfall Resource Server.csproj", "{60A1F81F-706B-41FD-9BF8-BA5E91313AED}"
EndProject
Global
	GlobalSection(SolutionConfigurationPlatforms) = preSolution
		Debug|Any CPU = Debug|Any CPU
		Release|Any CPU = Release|Any CPU
	EndGlobalSection
	GlobalSection(ProjectConfigurationPlatforms) = postSolution
		{60A1F81F-706B-41FD-9BF8-BA5E91313AED}.Debug|Any CPU.ActiveCfg = Debug|Any CPU
		{60A1F81F-706B-41FD-9BF8-BA5E91313AED}.Debug|Any CPU.Build.0 = Debug|Any CPU
		{60A1F81F-706B-41FD-9BF8-BA5E91313AED}.Release|Any CPU.ActiveCfg = Release|Any CPU
		{60A1F81F-706B-41FD-9BF8-BA5E91313AED}.Release|Any CPU.Build.0 = Release|Any CPU
	EndGlobalSection
	GlobalSection(RiderSharedRunConfigurations) = postSolution
		File = Publish.run.xml
	EndGlobalSection
EndGlobal
